
Microsoft Visual Studio Solution File, Format Version 12.00
# Visual Studio Version 17
VisualStudioVersion = 17.4.33205.214
MinimumVisualStudioVersion = 10.0.40219.1
Project("{9A19103F-16F7-4668-BE54-9A1E7A4F7556}") = "UI", "UI\UI.csproj", "{B24C8024-5E6B-4BD0-937B-23BC2C029617}"
	ProjectSection(ProjectDependencies) = postProject
		{A293CE5B-75E6-401C-8469-934CD8618F4A} = {A293CE5B-75E6-401C-8469-934CD8618F4A}
	EndProjectSection
EndProject
Project("{9A19103F-16F7-4668-BE54-9A1E7A4F7556}") = "ClassLibrary", "ClassLibrary\ClassLibrary.csproj", "{A293CE5B-75E6-401C-8469-934CD8618F4A}"
EndProject
Project("{9A19103F-16F7-4668-BE54-9A1E7A4F7556}") = "ConsoleTester", "ConsoleTester\ConsoleTester.csproj", "{DEF4E4E5-B7AA-4214-9590-6A018C8397C7}"
	ProjectSection(ProjectDependencies) = postProject
		{A293CE5B-75E6-401C-8469-934CD8618F4A} = {A293CE5B-75E6-401C-8469-934CD8618F4A}
	EndProjectSection
EndProject
Global
	GlobalSection(SolutionConfigurationPlatforms) = preSolution
		Debug|Any CPU = Debug|Any CPU
		Release|Any CPU = Release|Any CPU
	EndGlobalSection
	GlobalSection(ProjectConfigurationPlatforms) = postSolution
		{B24C8024-5E6B-4BD0-937B-23BC2C029617}.Debug|Any CPU.ActiveCfg = Debug|Any CPU
		{B24C8024-5E6B-4BD0-937B-23BC2C029617}.Debug|Any CPU.Build.0 = Debug|Any CPU
		{B24C8024-5E6B-4BD0-937B-23BC2C029617}.Release|Any CPU.ActiveCfg = Release|Any CPU
		{B24C8024-5E6B-4BD0-937B-23BC2C029617}.Release|Any CPU.Build.0 = Release|Any CPU
		{A293CE5B-75E6-401C-8469-934CD8618F4A}.Debug|Any CPU.ActiveCfg = Debug|Any CPU
		{A293CE5B-75E6-401C-8469-934CD8618F4A}.Debug|Any CPU.Build.0 = Debug|Any CPU
		{A293CE5B-75E6-401C-8469-934CD8618F4A}.Release|Any CPU.ActiveCfg = Release|Any CPU
		{A293CE5B-75E6-401C-8469-934CD8618F4A}.Release|Any CPU.Build.0 = Release|Any CPU
		{DEF4E4E5-B7AA-4214-9590-6A018C8397C7}.Debug|Any CPU.ActiveCfg = Debug|Any CPU
		{DEF4E4E5-B7AA-4214-9590-6A018C8397C7}.Debug|Any CPU.Build.0 = Debug|Any CPU
		{DEF4E4E5-B7AA-4214-9590-6A018C8397C7}.Release|Any CPU.ActiveCfg = Release|Any CPU
		{DEF4E4E5-B7AA-4214-9590-6A018C8397C7}.Release|Any CPU.Build.0 = Release|Any CPU
	EndGlobalSection
	GlobalSection(SolutionProperties) = preSolution
		HideSolutionNode = FALSE
	EndGlobalSection
	GlobalSection(ExtensibilityGlobals) = postSolution
		SolutionGuid = {1A52D113-2999-4C60-93C2-22370E22F21B}
	EndGlobalSection
EndGlobal
